// !$*UTF8*$!
{
	archiveVersion = 1;
	classes = {
	};
	objectVersion = 50;
	objects = {

/* Begin PBXBuildFile section */
		EB8378D821543C960018693E /* EntriesTableViewController.swift in Sources */ = {isa = PBXBuildFile; fileRef = EB8378D721543C960018693E /* EntriesTableViewController.swift */; };
		EB8378DA21543E1C0018693E /* EntryTableViewCell.swift in Sources */ = {isa = PBXBuildFile; fileRef = EB8378D921543E1C0018693E /* EntryTableViewCell.swift */; };
		EB8378DC215440840018693E /* EntryDetailViewController.swift in Sources */ = {isa = PBXBuildFile; fileRef = EB8378DB215440840018693E /* EntryDetailViewController.swift */; };
		EB8378DE2154425F0018693E /* Entry.swift in Sources */ = {isa = PBXBuildFile; fileRef = EB8378DD2154425F0018693E /* Entry.swift */; };
		EB8378E02154440B0018693E /* EntryController.swift in Sources */ = {isa = PBXBuildFile; fileRef = EB8378DF2154440B0018693E /* EntryController.swift */; };
		EBE35C9D21542B30003E9887 /* AppDelegate.swift in Sources */ = {isa = PBXBuildFile; fileRef = EBE35C9C21542B30003E9887 /* AppDelegate.swift */; };
		EBE35CA221542B30003E9887 /* Main.storyboard in Resources */ = {isa = PBXBuildFile; fileRef = EBE35CA021542B30003E9887 /* Main.storyboard */; };
		EBE35CA421542B33003E9887 /* Assets.xcassets in Resources */ = {isa = PBXBuildFile; fileRef = EBE35CA321542B33003E9887 /* Assets.xcassets */; };
		EBE35CA721542B33003E9887 /* LaunchScreen.storyboard in Resources */ = {isa = PBXBuildFile; fileRef = EBE35CA521542B33003E9887 /* LaunchScreen.storyboard */; };
/* End PBXBuildFile section */

/* Begin PBXFileReference section */
		EB8378D721543C960018693E /* EntriesTableViewController.swift */ = {isa = PBXFileReference; lastKnownFileType = sourcecode.swift; path = EntriesTableViewController.swift; sourceTree = "<group>"; };
		EB8378D921543E1C0018693E /* EntryTableViewCell.swift */ = {isa = PBXFileReference; lastKnownFileType = sourcecode.swift; path = EntryTableViewCell.swift; sourceTree = "<group>"; };
		EB8378DB215440840018693E /* EntryDetailViewController.swift */ = {isa = PBXFileReference; lastKnownFileType = sourcecode.swift; path = EntryDetailViewController.swift; sourceTree = "<group>"; };
		EB8378DD2154425F0018693E /* Entry.swift */ = {isa = PBXFileReference; lastKnownFileType = sourcecode.swift; path = Entry.swift; sourceTree = "<group>"; };
		EB8378DF2154440B0018693E /* EntryController.swift */ = {isa = PBXFileReference; lastKnownFileType = sourcecode.swift; path = EntryController.swift; sourceTree = "<group>"; };
		EBE35C9921542B30003E9887 /* Journal.app */ = {isa = PBXFileReference; explicitFileType = wrapper.application; includeInIndex = 0; path = Journal.app; sourceTree = BUILT_PRODUCTS_DIR; };
		EBE35C9C21542B30003E9887 /* AppDelegate.swift */ = {isa = PBXFileReference; lastKnownFileType = sourcecode.swift; path = AppDelegate.swift; sourceTree = "<group>"; };
		EBE35CA121542B30003E9887 /* Base */ = {isa = PBXFileReference; lastKnownFileType = file.storyboard; name = Base; path = Base.lproj/Main.storyboard; sourceTree = "<group>"; };
		EBE35CA321542B33003E9887 /* Assets.xcassets */ = {isa = PBXFileReference; lastKnownFileType = folder.assetcatalog; path = Assets.xcassets; sourceTree = "<group>"; };
		EBE35CA621542B33003E9887 /* Base */ = {isa = PBXFileReference; lastKnownFileType = file.storyboard; name = Base; path = Base.lproj/LaunchScreen.storyboard; sourceTree = "<group>"; };
		EBE35CA821542B33003E9887 /* Info.plist */ = {isa = PBXFileReference; lastKnownFileType = text.plist.xml; path = Info.plist; sourceTree = "<group>"; };
/* End PBXFileReference section */

/* Begin PBXFrameworksBuildPhase section */
		EBE35C9621542B30003E9887 /* Frameworks */ = {
			isa = PBXFrameworksBuildPhase;
			buildActionMask = 2147483647;
			files = (
			);
			runOnlyForDeploymentPostprocessing = 0;
		};
/* End PBXFrameworksBuildPhase section */

/* Begin PBXGroup section */
		EBE35C9021542B30003E9887 = {
			isa = PBXGroup;
			children = (
				EBE35C9B21542B30003E9887 /* Journal */,
				EBE35C9A21542B30003E9887 /* Products */,
			);
			sourceTree = "<group>";
		};
		EBE35C9A21542B30003E9887 /* Products */ = {
			isa = PBXGroup;
			children = (
				EBE35C9921542B30003E9887 /* Journal.app */,
			);
			name = Products;
			sourceTree = "<group>";
		};
		EBE35C9B21542B30003E9887 /* Journal */ = {
			isa = PBXGroup;
			children = (
				EBE35CB021543099003E9887 /* View Controller */,
				EBE35CAF21543071003E9887 /* Model Controller */,
				EBE35CAE21543067003E9887 /* Model */,
				EBE35C9C21542B30003E9887 /* AppDelegate.swift */,
				EBE35CA021542B30003E9887 /* Main.storyboard */,
				EBE35CA321542B33003E9887 /* Assets.xcassets */,
				EBE35CA521542B33003E9887 /* LaunchScreen.storyboard */,
				EBE35CA821542B33003E9887 /* Info.plist */,
			);
			path = Journal;
			sourceTree = "<group>";
		};
		EBE35CAE21543067003E9887 /* Model */ = {
			isa = PBXGroup;
			children = (
				EB8378DD2154425F0018693E /* Entry.swift */,
			);
			path = Model;
			sourceTree = "<group>";
		};
		EBE35CAF21543071003E9887 /* Model Controller */ = {
			isa = PBXGroup;
			children = (
				EB8378DF2154440B0018693E /* EntryController.swift */,
			);
			path = "Model Controller";
			sourceTree = "<group>";
		};
		EBE35CB021543099003E9887 /* View Controller */ = {
			isa = PBXGroup;
			children = (
				EB8378D721543C960018693E /* EntriesTableViewController.swift */,
				EB8378D921543E1C0018693E /* EntryTableViewCell.swift */,
				EB8378DB215440840018693E /* EntryDetailViewController.swift */,
			);
			path = "View Controller";
			sourceTree = "<group>";
		};
/* End PBXGroup section */

/* Begin PBXNativeTarget section */
		EBE35C9821542B30003E9887 /* Journal */ = {
			isa = PBXNativeTarget;
			buildConfigurationList = EBE35CAB21542B33003E9887 /* Build configuration list for PBXNativeTarget "Journal" */;
			buildPhases = (
				EBE35C9521542B30003E9887 /* Sources */,
				EBE35C9621542B30003E9887 /* Frameworks */,
				EBE35C9721542B30003E9887 /* Resources */,
			);
			buildRules = (
			);
			dependencies = (
			);
			name = Journal;
			productName = Journal;
			productReference = EBE35C9921542B30003E9887 /* Journal.app */;
			productType = "com.apple.product-type.application";
		};
/* End PBXNativeTarget section */

/* Begin PBXProject section */
		EBE35C9121542B30003E9887 /* Project object */ = {
			isa = PBXProject;
			attributes = {
				LastSwiftUpdateCheck = 1000;
				LastUpgradeCheck = 1000;
				ORGANIZATIONNAME = "Iyin Raphael";
				TargetAttributes = {
					EBE35C9821542B30003E9887 = {
						CreatedOnToolsVersion = 10.0;
					};
				};
			};
			buildConfigurationList = EBE35C9421542B30003E9887 /* Build configuration list for PBXProject "Journal" */;
			compatibilityVersion = "Xcode 9.3";
			developmentRegion = en;
			hasScannedForEncodings = 0;
			knownRegions = (
				en,
				Base,
			);
			mainGroup = EBE35C9021542B30003E9887;
			productRefGroup = EBE35C9A21542B30003E9887 /* Products */;
			projectDirPath = "";
			projectRoot = "";
			targets = (
				EBE35C9821542B30003E9887 /* Journal */,
			);
		};
/* End PBXProject section */

/* Begin PBXResourcesBuildPhase section */
		EBE35C9721542B30003E9887 /* Resources */ = {
			isa = PBXResourcesBuildPhase;
			buildActionMask = 2147483647;
			files = (
				EBE35CA721542B33003E9887 /* LaunchScreen.storyboard in Resources */,
				EBE35CA421542B33003E9887 /* Assets.xcassets in Resources */,
				EBE35CA221542B30003E9887 /* Main.storyboard in Resources */,
			);
			runOnlyForDeploymentPostprocessing = 0;
		};
/* End PBXResourcesBuildPhase section */

/* Begin PBXSourcesBuildPhase section */
		EBE35C9521542B30003E9887 /* Sources */ = {
			isa = PBXSourcesBuildPhase;
			buildActionMask = 2147483647;
			files = (
				EB8378E02154440B0018693E /* EntryController.swift in Sources */,
				EB8378DE2154425F0018693E /* Entry.swift in Sources */,
				EB8378DA21543E1C0018693E /* EntryTableViewCell.swift in Sources */,
				EB8378D821543C960018693E /* EntriesTableViewController.swift in Sources */,
				EB8378DC215440840018693E /* EntryDetailViewController.swift in Sources */,
				EBE35C9D21542B30003E9887 /* AppDelegate.swift in Sources */,
			);
			runOnlyForDeploymentPostprocessing = 0;
		};
/* End PBXSourcesBuildPhase section */

/* Begin PBXVariantGroup section */
		EBE35CA021542B30003E9887 /* Main.storyboard */ = {
			isa = PBXVariantGroup;
			children = (
				EBE35CA121542B30003E9887 /* Base */,
			);
			name = Main.storyboard;
			sourceTree = "<group>";
		};
		EBE35CA521542B33003E9887 /* LaunchScreen.storyboard */ = {
			isa = PBXVariantGroup;
			children = (
				EBE35CA621542B33003E9887 /* Base */,
			);
			name = LaunchScreen.storyboard;
			sourceTree = "<group>";
		};
/* End PBXVariantGroup section */

/* Begin XCBuildConfiguration section */
		EBE35CA921542B33003E9887 /* Debug */ = {
			isa = XCBuildConfiguration;
			buildSettings = {
				ALWAYS_SEARCH_USER_PATHS = NO;
				CLANG_ANALYZER_NONNULL = YES;
				CLANG_ANALYZER_NUMBER_OBJECT_CONVERSION = YES_AGGRESSIVE;
				CLANG_CXX_LANGUAGE_STANDARD = "gnu++14";
				CLANG_CXX_LIBRARY = "libc++";
				CLANG_ENABLE_MODULES = YES;
				CLANG_ENABLE_OBJC_ARC = YES;
				CLANG_ENABLE_OBJC_WEAK = YES;
				CLANG_WARN_BLOCK_CAPTURE_AUTORELEASING = YES;
				CLANG_WARN_BOOL_CONVERSION = YES;
				CLANG_WARN_COMMA = YES;
				CLANG_WARN_CONSTANT_CONVERSION = YES;
				CLANG_WARN_DEPRECATED_OBJC_IMPLEMENTATIONS = YES;
				CLANG_WARN_DIRECT_OBJC_ISA_USAGE = YES_ERROR;
				CLANG_WARN_DOCUMENTATION_COMMENTS = YES;
				CLANG_WARN_EMPTY_BODY = YES;
				CLANG_WARN_ENUM_CONVERSION = YES;
				CLANG_WARN_INFINITE_RECURSION = YES;
				CLANG_WARN_INT_CONVERSION = YES;
				CLANG_WARN_NON_LITERAL_NULL_CONVERSION = YES;
				CLANG_WARN_OBJC_IMPLICIT_RETAIN_SELF = YES;
				CLANG_WARN_OBJC_LITERAL_CONVERSION = YES;
				CLANG_WARN_OBJC_ROOT_CLASS = YES_ERROR;
				CLANG_WARN_RANGE_LOOP_ANALYSIS = YES;
				CLANG_WARN_STRICT_PROTOTYPES = YES;
				CLANG_WARN_SUSPICIOUS_MOVE = YES;
				CLANG_WARN_UNGUARDED_AVAILABILITY = YES_AGGRESSIVE;
				CLANG_WARN_UNREACHABLE_CODE = YES;
				CLANG_WARN__DUPLICATE_METHOD_MATCH = YES;
				CODE_SIGN_IDENTITY = "iPhone Developer";
				COPY_PHASE_STRIP = NO;
				DEBUG_INFORMATION_FORMAT = dwarf;
				ENABLE_STRICT_OBJC_MSGSEND = YES;
				ENABLE_TESTABILITY = YES;
				GCC_C_LANGUAGE_STANDARD = gnu11;
				GCC_DYNAMIC_NO_PIC = NO;
				GCC_NO_COMMON_BLOCKS = YES;
				GCC_OPTIMIZATION_LEVEL = 0;
				GCC_PREPROCESSOR_DEFINITIONS = (
					"DEBUG=1",
					"$(inherited)",
				);
				GCC_WARN_64_TO_32_BIT_CONVERSION = YES;
				GCC_WARN_ABOUT_RETURN_TYPE = YES_ERROR;
				GCC_WARN_UNDECLARED_SELECTOR = YES;
				GCC_WARN_UNINITIALIZED_AUTOS = YES_AGGRESSIVE;
				GCC_WARN_UNUSED_FUNCTION = YES;
				GCC_WARN_UNUSED_VARIABLE = YES;
				IPHONEOS_DEPLOYMENT_TARGET = 12.0;
				MTL_ENABLE_DEBUG_INFO = INCLUDE_SOURCE;
				MTL_FAST_MATH = YES;
				ONLY_ACTIVE_ARCH = YES;
				SDKROOT = iphoneos;
				SWIFT_ACTIVE_COMPILATION_CONDITIONS = DEBUG;
				SWIFT_OPTIMIZATION_LEVEL = "-Onone";
			};
			name = Debug;
		};
		EBE35CAA21542B33003E9887 /* Release */ = {
			isa = XCBuildConfiguration;
			buildSettings = {
				ALWAYS_SEARCH_USER_PATHS = NO;
				CLANG_ANALYZER_NONNULL = YES;
				CLANG_ANALYZER_NUMBER_OBJECT_CONVERSION = YES_AGGRESSIVE;
				CLANG_CXX_LANGUAGE_STANDARD = "gnu++14";
				CLANG_CXX_LIBRARY = "libc++";
				CLANG_ENABLE_MODULES = YES;
				CLANG_ENABLE_OBJC_ARC = YES;
				CLANG_ENABLE_OBJC_WEAK = YES;
				CLANG_WARN_BLOCK_CAPTURE_AUTORELEASING = YES;
				CLANG_WARN_BOOL_CONVERSION = YES;
				CLANG_WARN_COMMA = YES;
				CLANG_WARN_CONSTANT_CONVERSION = YES;
				CLANG_WARN_DEPRECATED_OBJC_IMPLEMENTATIONS = YES;
				CLANG_WARN_DIRECT_OBJC_ISA_USAGE = YES_ERROR;
				CLANG_WARN_DOCUMENTATION_COMMENTS = YES;
				CLANG_WARN_EMPTY_BODY = YES;
				CLANG_WARN_ENUM_CONVERSION = YES;
				CLANG_WARN_INFINITE_RECURSION = YES;
				CLANG_WARN_INT_CONVERSION = YES;
				CLANG_WARN_NON_LITERAL_NULL_CONVERSION = YES;
				CLANG_WARN_OBJC_IMPLICIT_RETAIN_SELF = YES;
				CLANG_WARN_OBJC_LITERAL_CONVERSION = YES;
				CLANG_WARN_OBJC_ROOT_CLASS = YES_ERROR;
				CLANG_WARN_RANGE_LOOP_ANALYSIS = YES;
				CLANG_WARN_STRICT_PROTOTYPES = YES;
				CLANG_WARN_SUSPICIOUS_MOVE = YES;
				CLANG_WARN_UNGUARDED_AVAILABILITY = YES_AGGRESSIVE;
				CLANG_WARN_UNREACHABLE_CODE = YES;
				CLANG_WARN__DUPLICATE_METHOD_MATCH = YES;
				CODE_SIGN_IDENTITY = "iPhone Developer";
				COPY_PHASE_STRIP = NO;
				DEBUG_INFORMATION_FORMAT = "dwarf-with-dsym";
				ENABLE_NS_ASSERTIONS = NO;
				ENABLE_STRICT_OBJC_MSGSEND = YES;
				GCC_C_LANGUAGE_STANDARD = gnu11;
				GCC_NO_COMMON_BLOCKS = YES;
				GCC_WARN_64_TO_32_BIT_CONVERSION = YES;
				GCC_WARN_ABOUT_RETURN_TYPE = YES_ERROR;
				GCC_WARN_UNDECLARED_SELECTOR = YES;
				GCC_WARN_UNINITIALIZED_AUTOS = YES_AGGRESSIVE;
				GCC_WARN_UNUSED_FUNCTION = YES;
				GCC_WARN_UNUSED_VARIABLE = YES;
				IPHONEOS_DEPLOYMENT_TARGET = 12.0;
				MTL_ENABLE_DEBUG_INFO = NO;
				MTL_FAST_MATH = YES;
				SDKROOT = iphoneos;
				SWIFT_COMPILATION_MODE = wholemodule;
				SWIFT_OPTIMIZATION_LEVEL = "-O";
				VALIDATE_PRODUCT = YES;
			};
			name = Release;
		};
		EBE35CAC21542B33003E9887 /* Debug */ = {
			isa = XCBuildConfiguration;
			buildSettings = {
				ASSETCATALOG_COMPILER_APPICON_NAME = AppIcon;
				CODE_SIGN_STYLE = Automatic;
				INFOPLIST_FILE = Journal/Info.plist;
				LD_RUNPATH_SEARCH_PATHS = (
					"$(inherited)",
					"@executable_path/Frameworks",
				);
				PRODUCT_BUNDLE_IDENTIFIER = com.iyinraphael.Journal;
				PRODUCT_NAME = "$(TARGET_NAME)";
				SWIFT_VERSION = 4.2;
				TARGETED_DEVICE_FAMILY = "1,2";
			};
			name = Debug;
		};
		EBE35CAD21542B33003E9887 /* Release */ = {
			isa = XCBuildConfiguration;
			buildSettings = {
				ASSETCATALOG_COMPILER_APPICON_NAME = AppIcon;
				CODE_SIGN_STYLE = Automatic;
				INFOPLIST_FILE = Journal/Info.plist;
				LD_RUNPATH_SEARCH_PATHS = (
					"$(inherited)",
					"@executable_path/Frameworks",
				);
				PRODUCT_BUNDLE_IDENTIFIER = com.iyinraphael.Journal;
				PRODUCT_NAME = "$(TARGET_NAME)";
				SWIFT_VERSION = 4.2;
				TARGETED_DEVICE_FAMILY = "1,2";
			};
			name = Release;
		};
/* End XCBuildConfiguration section */

/* Begin XCConfigurationList section */
		EBE35C9421542B30003E9887 /* Build configuration list for PBXProject "Journal" */ = {
			isa = XCConfigurationList;
			buildConfigurations = (
				EBE35CA921542B33003E9887 /* Debug */,
				EBE35CAA21542B33003E9887 /* Release */,
			);
			defaultConfigurationIsVisible = 0;
			defaultConfigurationName = Release;
		};
		EBE35CAB21542B33003E9887 /* Build configuration list for PBXNativeTarget "Journal" */ = {
			isa = XCConfigurationList;
			buildConfigurations = (
				EBE35CAC21542B33003E9887 /* Debug */,
				EBE35CAD21542B33003E9887 /* Release */,
			);
			defaultConfigurationIsVisible = 0;
			defaultConfigurationName = Release;
		};
/* End XCConfigurationList section */
	};
	rootObject = EBE35C9121542B30003E9887 /* Project object */;
}
